// !$*UTF8*$!
{
	archiveVersion = 1;
	classes = {
	};
	objectVersion = 46;
	objects = {

/* Begin PBXBuildFile section */
		58E1645A1B531473001B31F0 /* main.m in Sources */ = {isa = PBXBuildFile; fileRef = 58E164591B531473001B31F0 /* main.m */; };
		58E1645D1B531473001B31F0 /* STVAppDelegate.m in Sources */ = {isa = PBXBuildFile; fileRef = 58E1645C1B531473001B31F0 /* STVAppDelegate.m */; };
		58E164601B531473001B31F0 /* STVRootViewController.m in Sources */ = {isa = PBXBuildFile; fileRef = 58E1645F1B531473001B31F0 /* STVRootViewController.m */; };
		58E164631B531473001B31F0 /* Main.storyboard in Resources */ = {isa = PBXBuildFile; fileRef = 58E164611B531473001B31F0 /* Main.storyboard */; };
		58E164651B531473001B31F0 /* Images.xcassets in Resources */ = {isa = PBXBuildFile; fileRef = 58E164641B531473001B31F0 /* Images.xcassets */; };
		58E164681B531473001B31F0 /* LaunchScreen.xib in Resources */ = {isa = PBXBuildFile; fileRef = 58E164661B531473001B31F0 /* LaunchScreen.xib */; };
		58E164741B531474001B31F0 /* SlackTeamViewerTests.m in Sources */ = {isa = PBXBuildFile; fileRef = 58E164731B531474001B31F0 /* SlackTeamViewerTests.m */; };
		58E1647F1B531AB1001B31F0 /* STVMemberListViewController.m in Sources */ = {isa = PBXBuildFile; fileRef = 58E1647E1B531AB1001B31F0 /* STVMemberListViewController.m */; };
		58E164821B532C40001B31F0 /* STVMemberDetailViewController.m in Sources */ = {isa = PBXBuildFile; fileRef = 58E164811B532C40001B31F0 /* STVMemberDetailViewController.m */; };
		58E164851B53315F001B31F0 /* STVDataManager.m in Sources */ = {isa = PBXBuildFile; fileRef = 58E164841B53315F001B31F0 /* STVDataManager.m */; };
		58E164881B533531001B31F0 /* STVTeamMember.m in Sources */ = {isa = PBXBuildFile; fileRef = 58E164871B533531001B31F0 /* STVTeamMember.m */; };
/* End PBXBuildFile section */

/* Begin PBXContainerItemProxy section */
		58E1646E1B531474001B31F0 /* PBXContainerItemProxy */ = {
			isa = PBXContainerItemProxy;
			containerPortal = 58E1644C1B531473001B31F0 /* Project object */;
			proxyType = 1;
			remoteGlobalIDString = 58E164531B531473001B31F0;
			remoteInfo = SlackTeamViewer;
		};
/* End PBXContainerItemProxy section */

/* Begin PBXFileReference section */
		58E164541B531473001B31F0 /* SlackTeamViewer.app */ = {isa = PBXFileReference; explicitFileType = wrapper.application; includeInIndex = 0; path = SlackTeamViewer.app; sourceTree = BUILT_PRODUCTS_DIR; };
		58E164581B531473001B31F0 /* Info.plist */ = {isa = PBXFileReference; lastKnownFileType = text.plist.xml; path = Info.plist; sourceTree = "<group>"; };
		58E164591B531473001B31F0 /* main.m */ = {isa = PBXFileReference; lastKnownFileType = sourcecode.c.objc; path = main.m; sourceTree = "<group>"; };
		58E1645B1B531473001B31F0 /* STVAppDelegate.h */ = {isa = PBXFileReference; lastKnownFileType = sourcecode.c.h; path = STVAppDelegate.h; sourceTree = "<group>"; };
		58E1645C1B531473001B31F0 /* STVAppDelegate.m */ = {isa = PBXFileReference; lastKnownFileType = sourcecode.c.objc; path = STVAppDelegate.m; sourceTree = "<group>"; };
		58E1645E1B531473001B31F0 /* STVRootViewController.h */ = {isa = PBXFileReference; lastKnownFileType = sourcecode.c.h; path = STVRootViewController.h; sourceTree = "<group>"; };
		58E1645F1B531473001B31F0 /* STVRootViewController.m */ = {isa = PBXFileReference; lastKnownFileType = sourcecode.c.objc; path = STVRootViewController.m; sourceTree = "<group>"; };
		58E164621B531473001B31F0 /* Base */ = {isa = PBXFileReference; lastKnownFileType = file.storyboard; name = Base; path = Base.lproj/Main.storyboard; sourceTree = "<group>"; };
		58E164641B531473001B31F0 /* Images.xcassets */ = {isa = PBXFileReference; lastKnownFileType = folder.assetcatalog; path = Images.xcassets; sourceTree = "<group>"; };
		58E164671B531473001B31F0 /* Base */ = {isa = PBXFileReference; lastKnownFileType = file.xib; name = Base; path = Base.lproj/LaunchScreen.xib; sourceTree = "<group>"; };
		58E1646D1B531474001B31F0 /* SlackTeamViewerTests.xctest */ = {isa = PBXFileReference; explicitFileType = wrapper.cfbundle; includeInIndex = 0; path = SlackTeamViewerTests.xctest; sourceTree = BUILT_PRODUCTS_DIR; };
		58E164721B531474001B31F0 /* Info.plist */ = {isa = PBXFileReference; lastKnownFileType = text.plist.xml; path = Info.plist; sourceTree = "<group>"; };
		58E164731B531474001B31F0 /* SlackTeamViewerTests.m */ = {isa = PBXFileReference; lastKnownFileType = sourcecode.c.objc; path = SlackTeamViewerTests.m; sourceTree = "<group>"; };
		58E1647D1B531AB1001B31F0 /* STVMemberListViewController.h */ = {isa = PBXFileReference; fileEncoding = 4; lastKnownFileType = sourcecode.c.h; path = STVMemberListViewController.h; sourceTree = "<group>"; };
		58E1647E1B531AB1001B31F0 /* STVMemberListViewController.m */ = {isa = PBXFileReference; fileEncoding = 4; lastKnownFileType = sourcecode.c.objc; path = STVMemberListViewController.m; sourceTree = "<group>"; };
		58E164801B532C40001B31F0 /* STVMemberDetailViewController.h */ = {isa = PBXFileReference; fileEncoding = 4; lastKnownFileType = sourcecode.c.h; path = STVMemberDetailViewController.h; sourceTree = "<group>"; };
		58E164811B532C40001B31F0 /* STVMemberDetailViewController.m */ = {isa = PBXFileReference; fileEncoding = 4; lastKnownFileType = sourcecode.c.objc; path = STVMemberDetailViewController.m; sourceTree = "<group>"; };
		58E164831B53315F001B31F0 /* STVDataManager.h */ = {isa = PBXFileReference; fileEncoding = 4; lastKnownFileType = sourcecode.c.h; path = STVDataManager.h; sourceTree = "<group>"; };
		58E164841B53315F001B31F0 /* STVDataManager.m */ = {isa = PBXFileReference; fileEncoding = 4; lastKnownFileType = sourcecode.c.objc; path = STVDataManager.m; sourceTree = "<group>"; };
		58E164861B533531001B31F0 /* STVTeamMember.h */ = {isa = PBXFileReference; fileEncoding = 4; lastKnownFileType = sourcecode.c.h; path = STVTeamMember.h; sourceTree = "<group>"; };
		58E164871B533531001B31F0 /* STVTeamMember.m */ = {isa = PBXFileReference; fileEncoding = 4; lastKnownFileType = sourcecode.c.objc; path = STVTeamMember.m; sourceTree = "<group>"; };
/* End PBXFileReference section */

/* Begin PBXFrameworksBuildPhase section */
		58E164511B531473001B31F0 /* Frameworks */ = {
			isa = PBXFrameworksBuildPhase;
			buildActionMask = 2147483647;
			files = (
			);
			runOnlyForDeploymentPostprocessing = 0;
		};
		58E1646A1B531474001B31F0 /* Frameworks */ = {
			isa = PBXFrameworksBuildPhase;
			buildActionMask = 2147483647;
			files = (
			);
			runOnlyForDeploymentPostprocessing = 0;
		};
/* End PBXFrameworksBuildPhase section */

/* Begin PBXGroup section */
		58E1644B1B531473001B31F0 = {
			isa = PBXGroup;
			children = (
				58E164561B531473001B31F0 /* SlackTeamViewer */,
				58E164701B531474001B31F0 /* SlackTeamViewerTests */,
				58E164551B531473001B31F0 /* Products */,
			);
			sourceTree = "<group>";
		};
		58E164551B531473001B31F0 /* Products */ = {
			isa = PBXGroup;
			children = (
				58E164541B531473001B31F0 /* SlackTeamViewer.app */,
				58E1646D1B531474001B31F0 /* SlackTeamViewerTests.xctest */,
			);
			name = Products;
			sourceTree = "<group>";
		};
		58E164561B531473001B31F0 /* SlackTeamViewer */ = {
			isa = PBXGroup;
			children = (
				58E1645B1B531473001B31F0 /* STVAppDelegate.h */,
				58E1645C1B531473001B31F0 /* STVAppDelegate.m */,
				58E164831B53315F001B31F0 /* STVDataManager.h */,
				58E164841B53315F001B31F0 /* STVDataManager.m */,
				58E164801B532C40001B31F0 /* STVMemberDetailViewController.h */,
				58E164811B532C40001B31F0 /* STVMemberDetailViewController.m */,
				58E1647D1B531AB1001B31F0 /* STVMemberListViewController.h */,
				58E1647E1B531AB1001B31F0 /* STVMemberListViewController.m */,
				58E1645E1B531473001B31F0 /* STVRootViewController.h */,
				58E1645F1B531473001B31F0 /* STVRootViewController.m */,
				58E164861B533531001B31F0 /* STVTeamMember.h */,
				58E164871B533531001B31F0 /* STVTeamMember.m */,
				58E164611B531473001B31F0 /* Main.storyboard */,
				58E164641B531473001B31F0 /* Images.xcassets */,
				58E164661B531473001B31F0 /* LaunchScreen.xib */,
				58E164571B531473001B31F0 /* Supporting Files */,
			);
			path = SlackTeamViewer;
			sourceTree = "<group>";
		};
		58E164571B531473001B31F0 /* Supporting Files */ = {
			isa = PBXGroup;
			children = (
				58E164581B531473001B31F0 /* Info.plist */,
				58E164591B531473001B31F0 /* main.m */,
			);
			name = "Supporting Files";
			sourceTree = "<group>";
		};
		58E164701B531474001B31F0 /* SlackTeamViewerTests */ = {
			isa = PBXGroup;
			children = (
				58E164731B531474001B31F0 /* SlackTeamViewerTests.m */,
				58E164711B531474001B31F0 /* Supporting Files */,
			);
			path = SlackTeamViewerTests;
			sourceTree = "<group>";
		};
		58E164711B531474001B31F0 /* Supporting Files */ = {
			isa = PBXGroup;
			children = (
				58E164721B531474001B31F0 /* Info.plist */,
			);
			name = "Supporting Files";
			sourceTree = "<group>";
		};
/* End PBXGroup section */

/* Begin PBXNativeTarget section */
		58E164531B531473001B31F0 /* SlackTeamViewer */ = {
			isa = PBXNativeTarget;
			buildConfigurationList = 58E164771B531474001B31F0 /* Build configuration list for PBXNativeTarget "SlackTeamViewer" */;
			buildPhases = (
				58E164501B531473001B31F0 /* Sources */,
				58E164511B531473001B31F0 /* Frameworks */,
				58E164521B531473001B31F0 /* Resources */,
			);
			buildRules = (
			);
			dependencies = (
			);
			name = SlackTeamViewer;
			productName = SlackTeamViewer;
			productReference = 58E164541B531473001B31F0 /* SlackTeamViewer.app */;
			productType = "com.apple.product-type.application";
		};
		58E1646C1B531474001B31F0 /* SlackTeamViewerTests */ = {
			isa = PBXNativeTarget;
			buildConfigurationList = 58E1647A1B531474001B31F0 /* Build configuration list for PBXNativeTarget "SlackTeamViewerTests" */;
			buildPhases = (
				58E164691B531474001B31F0 /* Sources */,
				58E1646A1B531474001B31F0 /* Frameworks */,
				58E1646B1B531474001B31F0 /* Resources */,
			);
			buildRules = (
			);
			dependencies = (
				58E1646F1B531474001B31F0 /* PBXTargetDependency */,
			);
			name = SlackTeamViewerTests;
			productName = SlackTeamViewerTests;
			productReference = 58E1646D1B531474001B31F0 /* SlackTeamViewerTests.xctest */;
			productType = "com.apple.product-type.bundle.unit-test";
		};
/* End PBXNativeTarget section */

/* Begin PBXProject section */
		58E1644C1B531473001B31F0 /* Project object */ = {
			isa = PBXProject;
			attributes = {
				LastUpgradeCheck = 0630;
				ORGANIZATIONNAME = "Yongki Yusmanthia";
				TargetAttributes = {
					58E164531B531473001B31F0 = {
						CreatedOnToolsVersion = 6.3.1;
					};
					58E1646C1B531474001B31F0 = {
						CreatedOnToolsVersion = 6.3.1;
						TestTargetID = 58E164531B531473001B31F0;
					};
				};
			};
			buildConfigurationList = 58E1644F1B531473001B31F0 /* Build configuration list for PBXProject "SlackTeamViewer" */;
			compatibilityVersion = "Xcode 3.2";
			developmentRegion = English;
			hasScannedForEncodings = 0;
			knownRegions = (
				en,
				Base,
			);
			mainGroup = 58E1644B1B531473001B31F0;
			productRefGroup = 58E164551B531473001B31F0 /* Products */;
			projectDirPath = "";
			projectRoot = "";
			targets = (
				58E164531B531473001B31F0 /* SlackTeamViewer */,
				58E1646C1B531474001B31F0 /* SlackTeamViewerTests */,
			);
		};
/* End PBXProject section */

/* Begin PBXResourcesBuildPhase section */
		58E164521B531473001B31F0 /* Resources */ = {
			isa = PBXResourcesBuildPhase;
			buildActionMask = 2147483647;
			files = (
				58E164631B531473001B31F0 /* Main.storyboard in Resources */,
				58E164681B531473001B31F0 /* LaunchScreen.xib in Resources */,
				58E164651B531473001B31F0 /* Images.xcassets in Resources */,
			);
			runOnlyForDeploymentPostprocessing = 0;
		};
		58E1646B1B531474001B31F0 /* Resources */ = {
			isa = PBXResourcesBuildPhase;
			buildActionMask = 2147483647;
			files = (
			);
			runOnlyForDeploymentPostprocessing = 0;
		};
/* End PBXResourcesBuildPhase section */

/* Begin PBXSourcesBuildPhase section */
		58E164501B531473001B31F0 /* Sources */ = {
			isa = PBXSourcesBuildPhase;
			buildActionMask = 2147483647;
			files = (
				58E164601B531473001B31F0 /* STVRootViewController.m in Sources */,
				58E164881B533531001B31F0 /* STVTeamMember.m in Sources */,
				58E164851B53315F001B31F0 /* STVDataManager.m in Sources */,
				58E164821B532C40001B31F0 /* STVMemberDetailViewController.m in Sources */,
				58E1645D1B531473001B31F0 /* STVAppDelegate.m in Sources */,
				58E1645A1B531473001B31F0 /* main.m in Sources */,
				58E1647F1B531AB1001B31F0 /* STVMemberListViewController.m in Sources */,
			);
			runOnlyForDeploymentPostprocessing = 0;
		};
		58E164691B531474001B31F0 /* Sources */ = {
			isa = PBXSourcesBuildPhase;
			buildActionMask = 2147483647;
			files = (
				58E164741B531474001B31F0 /* SlackTeamViewerTests.m in Sources */,
			);
			runOnlyForDeploymentPostprocessing = 0;
		};
/* End PBXSourcesBuildPhase section */

/* Begin PBXTargetDependency section */
		58E1646F1B531474001B31F0 /* PBXTargetDependency */ = {
			isa = PBXTargetDependency;
			target = 58E164531B531473001B31F0 /* SlackTeamViewer */;
			targetProxy = 58E1646E1B531474001B31F0 /* PBXContainerItemProxy */;
		};
/* End PBXTargetDependency section */

/* Begin PBXVariantGroup section */
		58E164611B531473001B31F0 /* Main.storyboard */ = {
			isa = PBXVariantGroup;
			children = (
				58E164621B531473001B31F0 /* Base */,
			);
			name = Main.storyboard;
			sourceTree = "<group>";
		};
		58E164661B531473001B31F0 /* LaunchScreen.xib */ = {
			isa = PBXVariantGroup;
			children = (
				58E164671B531473001B31F0 /* Base */,
			);
			name = LaunchScreen.xib;
			sourceTree = "<group>";
		};
/* End PBXVariantGroup section */

/* Begin XCBuildConfiguration section */
		58E164751B531474001B31F0 /* Debug */ = {
			isa = XCBuildConfiguration;
			buildSettings = {
				ALWAYS_SEARCH_USER_PATHS = NO;
				CLANG_CXX_LANGUAGE_STANDARD = "gnu++0x";
				CLANG_CXX_LIBRARY = "libc++";
				CLANG_ENABLE_MODULES = YES;
				CLANG_ENABLE_OBJC_ARC = YES;
				CLANG_WARN_BOOL_CONVERSION = YES;
				CLANG_WARN_CONSTANT_CONVERSION = YES;
				CLANG_WARN_DIRECT_OBJC_ISA_USAGE = YES_ERROR;
				CLANG_WARN_EMPTY_BODY = YES;
				CLANG_WARN_ENUM_CONVERSION = YES;
				CLANG_WARN_INT_CONVERSION = YES;
				CLANG_WARN_OBJC_ROOT_CLASS = YES_ERROR;
				CLANG_WARN_UNREACHABLE_CODE = YES;
				CLANG_WARN__DUPLICATE_METHOD_MATCH = YES;
				"CODE_SIGN_IDENTITY[sdk=iphoneos*]" = "iPhone Developer";
				COPY_PHASE_STRIP = NO;
				DEBUG_INFORMATION_FORMAT = "dwarf-with-dsym";
				ENABLE_STRICT_OBJC_MSGSEND = YES;
				GCC_C_LANGUAGE_STANDARD = gnu99;
				GCC_DYNAMIC_NO_PIC = NO;
				GCC_NO_COMMON_BLOCKS = YES;
				GCC_OPTIMIZATION_LEVEL = 0;
				GCC_PREPROCESSOR_DEFINITIONS = (
					"DEBUG=1",
					"$(inherited)",
				);
				GCC_SYMBOLS_PRIVATE_EXTERN = NO;
				GCC_WARN_64_TO_32_BIT_CONVERSION = YES;
				GCC_WARN_ABOUT_RETURN_TYPE = YES_ERROR;
				GCC_WARN_UNDECLARED_SELECTOR = YES;
				GCC_WARN_UNINITIALIZED_AUTOS = YES_AGGRESSIVE;
				GCC_WARN_UNUSED_FUNCTION = YES;
				GCC_WARN_UNUSED_VARIABLE = YES;
				IPHONEOS_DEPLOYMENT_TARGET = 8.3;
				MTL_ENABLE_DEBUG_INFO = YES;
				ONLY_ACTIVE_ARCH = YES;
				SDKROOT = iphoneos;
				TARGETED_DEVICE_FAMILY = "1,2";
			};
			name = Debug;
		};
		58E164761B531474001B31F0 /* Release */ = {
			isa = XCBuildConfiguration;
			buildSettings = {
				ALWAYS_SEARCH_USER_PATHS = NO;
				CLANG_CXX_LANGUAGE_STANDARD = "gnu++0x";
				CLANG_CXX_LIBRARY = "libc++";
				CLANG_ENABLE_MODULES = YES;
				CLANG_ENABLE_OBJC_ARC = YES;
				CLANG_WARN_BOOL_CONVERSION = YES;
				CLANG_WARN_CONSTANT_CONVERSION = YES;
				CLANG_WARN_DIRECT_OBJC_ISA_USAGE = YES_ERROR;
				CLANG_WARN_EMPTY_BODY = YES;
				CLANG_WARN_ENUM_CONVERSION = YES;
				CLANG_WARN_INT_CONVERSION = YES;
				CLANG_WARN_OBJC_ROOT_CLASS = YES_ERROR;
				CLANG_WARN_UNREACHABLE_CODE = YES;
				CLANG_WARN__DUPLICATE_METHOD_MATCH = YES;
				"CODE_SIGN_IDENTITY[sdk=iphoneos*]" = "iPhone Developer";
				COPY_PHASE_STRIP = NO;
				DEBUG_INFORMATION_FORMAT = "dwarf-with-dsym";
				ENABLE_NS_ASSERTIONS = NO;
				ENABLE_STRICT_OBJC_MSGSEND = YES;
				GCC_C_LANGUAGE_STANDARD = gnu99;
				GCC_NO_COMMON_BLOCKS = YES;
				GCC_WARN_64_TO_32_BIT_CONVERSION = YES;
				GCC_WARN_ABOUT_RETURN_TYPE = YES_ERROR;
				GCC_WARN_UNDECLARED_SELECTOR = YES;
				GCC_WARN_UNINITIALIZED_AUTOS = YES_AGGRESSIVE;
				GCC_WARN_UNUSED_FUNCTION = YES;
				GCC_WARN_UNUSED_VARIABLE = YES;
				IPHONEOS_DEPLOYMENT_TARGET = 8.3;
				MTL_ENABLE_DEBUG_INFO = NO;
				SDKROOT = iphoneos;
				TARGETED_DEVICE_FAMILY = "1,2";
				VALIDATE_PRODUCT = YES;
			};
			name = Release;
		};
		58E164781B531474001B31F0 /* Debug */ = {
			isa = XCBuildConfiguration;
			buildSettings = {
				ASSETCATALOG_COMPILER_APPICON_NAME = AppIcon;
				INFOPLIST_FILE = SlackTeamViewer/Info.plist;
				LD_RUNPATH_SEARCH_PATHS = "$(inherited) @executable_path/Frameworks";
				PRODUCT_NAME = "$(TARGET_NAME)";
			};
			name = Debug;
		};
		58E164791B531474001B31F0 /* Release */ = {
			isa = XCBuildConfiguration;
			buildSettings = {
				ASSETCATALOG_COMPILER_APPICON_NAME = AppIcon;
				INFOPLIST_FILE = SlackTeamViewer/Info.plist;
				LD_RUNPATH_SEARCH_PATHS = "$(inherited) @executable_path/Frameworks";
				PRODUCT_NAME = "$(TARGET_NAME)";
			};
			name = Release;
		};
		58E1647B1B531474001B31F0 /* Debug */ = {
			isa = XCBuildConfiguration;
			buildSettings = {
				BUNDLE_LOADER = "$(TEST_HOST)";
				FRAMEWORK_SEARCH_PATHS = (
					"$(SDKROOT)/Developer/Library/Frameworks",
					"$(inherited)",
				);
				GCC_PREPROCESSOR_DEFINITIONS = (
					"DEBUG=1",
					"$(inherited)",
				);
				INFOPLIST_FILE = SlackTeamViewerTests/Info.plist;
				LD_RUNPATH_SEARCH_PATHS = "$(inherited) @executable_path/Frameworks @loader_path/Frameworks";
				PRODUCT_NAME = "$(TARGET_NAME)";
				TEST_HOST = "$(BUILT_PRODUCTS_DIR)/SlackTeamViewer.app/SlackTeamViewer";
			};
			name = Debug;
		};
		58E1647C1B531474001B31F0 /* Release */ = {
			isa = XCBuildConfiguration;
			buildSettings = {
				BUNDLE_LOADER = "$(TEST_HOST)";
				FRAMEWORK_SEARCH_PATHS = (
					"$(SDKROOT)/Developer/Library/Frameworks",
					"$(inherited)",
				);
				INFOPLIST_FILE = SlackTeamViewerTests/Info.plist;
				LD_RUNPATH_SEARCH_PATHS = "$(inherited) @executable_path/Frameworks @loader_path/Frameworks";
				PRODUCT_NAME = "$(TARGET_NAME)";
				TEST_HOST = "$(BUILT_PRODUCTS_DIR)/SlackTeamViewer.app/SlackTeamViewer";
			};
			name = Release;
		};
/* End XCBuildConfiguration section */

/* Begin XCConfigurationList section */
		58E1644F1B531473001B31F0 /* Build configuration list for PBXProject "SlackTeamViewer" */ = {
			isa = XCConfigurationList;
			buildConfigurations = (
				58E164751B531474001B31F0 /* Debug */,
				58E164761B531474001B31F0 /* Release */,
			);
			defaultConfigurationIsVisible = 0;
			defaultConfigurationName = Release;
		};
		58E164771B531474001B31F0 /* Build configuration list for PBXNativeTarget "SlackTeamViewer" */ = {
			isa = XCConfigurationList;
			buildConfigurations = (
				58E164781B531474001B31F0 /* Debug */,
				58E164791B531474001B31F0 /* Release */,
			);
			defaultConfigurationIsVisible = 0;
			defaultConfigurationName = Release;
		};
		58E1647A1B531474001B31F0 /* Build configuration list for PBXNativeTarget "SlackTeamViewerTests" */ = {
			isa = XCConfigurationList;
			buildConfigurations = (
				58E1647B1B531474001B31F0 /* Debug */,
				58E1647C1B531474001B31F0 /* Release */,
			);
			defaultConfigurationIsVisible = 0;
			defaultConfigurationName = Release;
		};
/* End XCConfigurationList section */
	};
	rootObject = 58E1644C1B531473001B31F0 /* Project object */;
}
